// !$*UTF8*$!
{
	archiveVersion = 1;
	classes = {
	};
	objectVersion = 50;
	objects = {

/* Begin PBXBuildFile section */
		81C8A573211B7E73008EF11D /* AppDelegate.swift in Sources */ = {isa = PBXBuildFile; fileRef = 81C8A572211B7E73008EF11D /* AppDelegate.swift */; };
		81C8A575211B7E73008EF11D /* ViewController.swift in Sources */ = {isa = PBXBuildFile; fileRef = 81C8A574211B7E73008EF11D /* ViewController.swift */; };
		81C8A578211B7E73008EF11D /* Main.storyboard in Resources */ = {isa = PBXBuildFile; fileRef = 81C8A576211B7E73008EF11D /* Main.storyboard */; };
		81C8A57A211B7E75008EF11D /* Assets.xcassets in Resources */ = {isa = PBXBuildFile; fileRef = 81C8A579211B7E75008EF11D /* Assets.xcassets */; };
		81C8A57D211B7E75008EF11D /* LaunchScreen.storyboard in Resources */ = {isa = PBXBuildFile; fileRef = 81C8A57B211B7E75008EF11D /* LaunchScreen.storyboard */; };
		81C8A585211B8F4B008EF11D /* furnitures.scnassets in Resources */ = {isa = PBXBuildFile; fileRef = 81C8A584211B8F4B008EF11D /* furnitures.scnassets */; };
/* End PBXBuildFile section */

/* Begin PBXFileReference section */
		81C8A56F211B7E72008EF11D /* HomeDecor.app */ = {isa = PBXFileReference; explicitFileType = wrapper.application; includeInIndex = 0; path = HomeDecor.app; sourceTree = BUILT_PRODUCTS_DIR; };
		81C8A572211B7E73008EF11D /* AppDelegate.swift */ = {isa = PBXFileReference; lastKnownFileType = sourcecode.swift; path = AppDelegate.swift; sourceTree = "<group>"; };
		81C8A574211B7E73008EF11D /* ViewController.swift */ = {isa = PBXFileReference; lastKnownFileType = sourcecode.swift; path = ViewController.swift; sourceTree = "<group>"; };
		81C8A577211B7E73008EF11D /* Base */ = {isa = PBXFileReference; lastKnownFileType = file.storyboard; name = Base; path = Base.lproj/Main.storyboard; sourceTree = "<group>"; };
		81C8A579211B7E75008EF11D /* Assets.xcassets */ = {isa = PBXFileReference; lastKnownFileType = folder.assetcatalog; path = Assets.xcassets; sourceTree = "<group>"; };
		81C8A57C211B7E75008EF11D /* Base */ = {isa = PBXFileReference; lastKnownFileType = file.storyboard; name = Base; path = Base.lproj/LaunchScreen.storyboard; sourceTree = "<group>"; };
		81C8A57E211B7E75008EF11D /* Info.plist */ = {isa = PBXFileReference; lastKnownFileType = text.plist.xml; path = Info.plist; sourceTree = "<group>"; };
		81C8A584211B8F4B008EF11D /* furnitures.scnassets */ = {isa = PBXFileReference; lastKnownFileType = wrapper.scnassets; path = furnitures.scnassets; sourceTree = "<group>"; };
/* End PBXFileReference section */

/* Begin PBXFrameworksBuildPhase section */
		81C8A56C211B7E72008EF11D /* Frameworks */ = {
			isa = PBXFrameworksBuildPhase;
			buildActionMask = 2147483647;
			files = (
			);
			runOnlyForDeploymentPostprocessing = 0;
		};
/* End PBXFrameworksBuildPhase section */

/* Begin PBXGroup section */
		81C8A566211B7E72008EF11D = {
			isa = PBXGroup;
			children = (
				81C8A571211B7E73008EF11D /* HomeDecor */,
				81C8A570211B7E72008EF11D /* Products */,
			);
			sourceTree = "<group>";
		};
		81C8A570211B7E72008EF11D /* Products */ = {
			isa = PBXGroup;
			children = (
				81C8A56F211B7E72008EF11D /* HomeDecor.app */,
			);
			name = Products;
			sourceTree = "<group>";
		};
		81C8A571211B7E73008EF11D /* HomeDecor */ = {
			isa = PBXGroup;
			children = (
				81C8A572211B7E73008EF11D /* AppDelegate.swift */,
				81C8A574211B7E73008EF11D /* ViewController.swift */,
				81C8A576211B7E73008EF11D /* Main.storyboard */,
				81C8A579211B7E75008EF11D /* Assets.xcassets */,
				81C8A57B211B7E75008EF11D /* LaunchScreen.storyboard */,
				81C8A57E211B7E75008EF11D /* Info.plist */,
				81C8A584211B8F4B008EF11D /* furnitures.scnassets */,
			);
			path = HomeDecor;
			sourceTree = "<group>";
		};
/* End PBXGroup section */

/* Begin PBXNativeTarget section */
		81C8A56E211B7E72008EF11D /* HomeDecor */ = {
			isa = PBXNativeTarget;
			buildConfigurationList = 81C8A581211B7E75008EF11D /* Build configuration list for PBXNativeTarget "HomeDecor" */;
			buildPhases = (
				81C8A56B211B7E72008EF11D /* Sources */,
				81C8A56C211B7E72008EF11D /* Frameworks */,
				81C8A56D211B7E72008EF11D /* Resources */,
			);
			buildRules = (
			);
			dependencies = (
			);
			name = HomeDecor;
			productName = HomeDecor;
			productReference = 81C8A56F211B7E72008EF11D /* HomeDecor.app */;
			productType = "com.apple.product-type.application";
		};
/* End PBXNativeTarget section */

/* Begin PBXProject section */
		81C8A567211B7E72008EF11D /* Project object */ = {
			isa = PBXProject;
			attributes = {
				LastSwiftUpdateCheck = 0940;
				LastUpgradeCheck = 0940;
				ORGANIZATIONNAME = "Caroline Port";
				TargetAttributes = {
					81C8A56E211B7E72008EF11D = {
						CreatedOnToolsVersion = 9.4.1;
					};
				};
			};
			buildConfigurationList = 81C8A56A211B7E72008EF11D /* Build configuration list for PBXProject "HomeDecor" */;
			compatibilityVersion = "Xcode 9.3";
			developmentRegion = en;
			hasScannedForEncodings = 0;
			knownRegions = (
				en,
				Base,
			);
			mainGroup = 81C8A566211B7E72008EF11D;
			productRefGroup = 81C8A570211B7E72008EF11D /* Products */;
			projectDirPath = "";
			projectRoot = "";
			targets = (
				81C8A56E211B7E72008EF11D /* HomeDecor */,
			);
		};
/* End PBXProject section */

/* Begin PBXResourcesBuildPhase section */
		81C8A56D211B7E72008EF11D /* Resources */ = {
			isa = PBXResourcesBuildPhase;
			buildActionMask = 2147483647;
			files = (
				81C8A585211B8F4B008EF11D /* furnitures.scnassets in Resources */,
				81C8A57D211B7E75008EF11D /* LaunchScreen.storyboard in Resources */,
				81C8A57A211B7E75008EF11D /* Assets.xcassets in Resources */,
				81C8A578211B7E73008EF11D /* Main.storyboard in Resources */,
			);
			runOnlyForDeploymentPostprocessing = 0;
		};
/* End PBXResourcesBuildPhase section */

/* Begin PBXSourcesBuildPhase section */
		81C8A56B211B7E72008EF11D /* Sources */ = {
			isa = PBXSourcesBuildPhase;
			buildActionMask = 2147483647;
			files = (
				81C8A575211B7E73008EF11D /* ViewController.swift in Sources */,
				81C8A573211B7E73008EF11D /* AppDelegate.swift in Sources */,
			);
			runOnlyForDeploymentPostprocessing = 0;
		};
/* End PBXSourcesBuildPhase section */

/* Begin PBXVariantGroup section */
		81C8A576211B7E73008EF11D /* Main.storyboard */ = {
			isa = PBXVariantGroup;
			children = (
				81C8A577211B7E73008EF11D /* Base */,
			);
			name = Main.storyboard;
			sourceTree = "<group>";
		};
		81C8A57B211B7E75008EF11D /* LaunchScreen.storyboard */ = {
			isa = PBXVariantGroup;
			children = (
				81C8A57C211B7E75008EF11D /* Base */,
			);
			name = LaunchScreen.storyboard;
			sourceTree = "<group>";
		};
/* End PBXVariantGroup section */

/* Begin XCBuildConfiguration section */
		81C8A57F211B7E75008EF11D /* Debug */ = {
			isa = XCBuildConfiguration;
			buildSettings = {
				ALWAYS_SEARCH_USER_PATHS = NO;
				CLANG_ANALYZER_NONNULL = YES;
				CLANG_ANALYZER_NUMBER_OBJECT_CONVERSION = YES_AGGRESSIVE;
				CLANG_CXX_LANGUAGE_STANDARD = "gnu++14";
				CLANG_CXX_LIBRARY = "libc++";
				CLANG_ENABLE_MODULES = YES;
				CLANG_ENABLE_OBJC_ARC = YES;
				CLANG_ENABLE_OBJC_WEAK = YES;
				CLANG_WARN_BLOCK_CAPTURE_AUTORELEASING = YES;
				CLANG_WARN_BOOL_CONVERSION = YES;
				CLANG_WARN_COMMA = YES;
				CLANG_WARN_CONSTANT_CONVERSION = YES;
				CLANG_WARN_DEPRECATED_OBJC_IMPLEMENTATIONS = YES;
				CLANG_WARN_DIRECT_OBJC_ISA_USAGE = YES_ERROR;
				CLANG_WARN_DOCUMENTATION_COMMENTS = YES;
				CLANG_WARN_EMPTY_BODY = YES;
				CLANG_WARN_ENUM_CONVERSION = YES;
				CLANG_WARN_INFINITE_RECURSION = YES;
				CLANG_WARN_INT_CONVERSION = YES;
				CLANG_WARN_NON_LITERAL_NULL_CONVERSION = YES;
				CLANG_WARN_OBJC_IMPLICIT_RETAIN_SELF = YES;
				CLANG_WARN_OBJC_LITERAL_CONVERSION = YES;
				CLANG_WARN_OBJC_ROOT_CLASS = YES_ERROR;
				CLANG_WARN_RANGE_LOOP_ANALYSIS = YES;
				CLANG_WARN_STRICT_PROTOTYPES = YES;
				CLANG_WARN_SUSPICIOUS_MOVE = YES;
				CLANG_WARN_UNGUARDED_AVAILABILITY = YES_AGGRESSIVE;
				CLANG_WARN_UNREACHABLE_CODE = YES;
				CLANG_WARN__DUPLICATE_METHOD_MATCH = YES;
				CODE_SIGN_IDENTITY = "iPhone Developer";
				COPY_PHASE_STRIP = NO;
				DEBUG_INFORMATION_FORMAT = dwarf;
				ENABLE_STRICT_OBJC_MSGSEND = YES;
				ENABLE_TESTABILITY = YES;
				GCC_C_LANGUAGE_STANDARD = gnu11;
				GCC_DYNAMIC_NO_PIC = NO;
				GCC_NO_COMMON_BLOCKS = YES;
				GCC_OPTIMIZATION_LEVEL = 0;
				GCC_PREPROCESSOR_DEFINITIONS = (
					"DEBUG=1",
					"$(inherited)",
				);
				GCC_WARN_64_TO_32_BIT_CONVERSION = YES;
				GCC_WARN_ABOUT_RETURN_TYPE = YES_ERROR;
				GCC_WARN_UNDECLARED_SELECTOR = YES;
				GCC_WARN_UNINITIALIZED_AUTOS = YES_AGGRESSIVE;
				GCC_WARN_UNUSED_FUNCTION = YES;
				GCC_WARN_UNUSED_VARIABLE = YES;
				IPHONEOS_DEPLOYMENT_TARGET = 11.4;
				MTL_ENABLE_DEBUG_INFO = YES;
				ONLY_ACTIVE_ARCH = YES;
				SDKROOT = iphoneos;
				SWIFT_ACTIVE_COMPILATION_CONDITIONS = DEBUG;
				SWIFT_OPTIMIZATION_LEVEL = "-Onone";
			};
			name = Debug;
		};
		81C8A580211B7E75008EF11D /* Release */ = {
			isa = XCBuildConfiguration;
			buildSettings = {
				ALWAYS_SEARCH_USER_PATHS = NO;
				CLANG_ANALYZER_NONNULL = YES;
				CLANG_ANALYZER_NUMBER_OBJECT_CONVERSION = YES_AGGRESSIVE;
				CLANG_CXX_LANGUAGE_STANDARD = "gnu++14";
				CLANG_CXX_LIBRARY = "libc++";
				CLANG_ENABLE_MODULES = YES;
				CLANG_ENABLE_OBJC_ARC = YES;
				CLANG_ENABLE_OBJC_WEAK = YES;
				CLANG_WARN_BLOCK_CAPTURE_AUTORELEASING = YES;
				CLANG_WARN_BOOL_CONVERSION = YES;
				CLANG_WARN_COMMA = YES;
				CLANG_WARN_CONSTANT_CONVERSION = YES;
				CLANG_WARN_DEPRECATED_OBJC_IMPLEMENTATIONS = YES;
				CLANG_WARN_DIRECT_OBJC_ISA_USAGE = YES_ERROR;
				CLANG_WARN_DOCUMENTATION_COMMENTS = YES;
				CLANG_WARN_EMPTY_BODY = YES;
				CLANG_WARN_ENUM_CONVERSION = YES;
				CLANG_WARN_INFINITE_RECURSION = YES;
				CLANG_WARN_INT_CONVERSION = YES;
				CLANG_WARN_NON_LITERAL_NULL_CONVERSION = YES;
				CLANG_WARN_OBJC_IMPLICIT_RETAIN_SELF = YES;
				CLANG_WARN_OBJC_LITERAL_CONVERSION = YES;
				CLANG_WARN_OBJC_ROOT_CLASS = YES_ERROR;
				CLANG_WARN_RANGE_LOOP_ANALYSIS = YES;
				CLANG_WARN_STRICT_PROTOTYPES = YES;
				CLANG_WARN_SUSPICIOUS_MOVE = YES;
				CLANG_WARN_UNGUARDED_AVAILABILITY = YES_AGGRESSIVE;
				CLANG_WARN_UNREACHABLE_CODE = YES;
				CLANG_WARN__DUPLICATE_METHOD_MATCH = YES;
				CODE_SIGN_IDENTITY = "iPhone Developer";
				COPY_PHASE_STRIP = NO;
				DEBUG_INFORMATION_FORMAT = "dwarf-with-dsym";
				ENABLE_NS_ASSERTIONS = NO;
				ENABLE_STRICT_OBJC_MSGSEND = YES;
				GCC_C_LANGUAGE_STANDARD = gnu11;
				GCC_NO_COMMON_BLOCKS = YES;
				GCC_WARN_64_TO_32_BIT_CONVERSION = YES;
				GCC_WARN_ABOUT_RETURN_TYPE = YES_ERROR;
				GCC_WARN_UNDECLARED_SELECTOR = YES;
				GCC_WARN_UNINITIALIZED_AUTOS = YES_AGGRESSIVE;
				GCC_WARN_UNUSED_FUNCTION = YES;
				GCC_WARN_UNUSED_VARIABLE = YES;
				IPHONEOS_DEPLOYMENT_TARGET = 11.4;
				MTL_ENABLE_DEBUG_INFO = NO;
				SDKROOT = iphoneos;
				SWIFT_COMPILATION_MODE = wholemodule;
				SWIFT_OPTIMIZATION_LEVEL = "-O";
				VALIDATE_PRODUCT = YES;
			};
			name = Release;
		};
		81C8A582211B7E75008EF11D /* Debug */ = {
			isa = XCBuildConfiguration;
			buildSettings = {
				ASSETCATALOG_COMPILER_APPICON_NAME = AppIcon;
				CODE_SIGN_STYLE = Automatic;
				DEVELOPMENT_TEAM = R3QWZNT5YZ;
				INFOPLIST_FILE = HomeDecor/Info.plist;
				LD_RUNPATH_SEARCH_PATHS = (
					"$(inherited)",
					"@executable_path/Frameworks",
				);
				PRODUCT_BUNDLE_IDENTIFIER = com.caroline.HomeDecor;
				PRODUCT_NAME = "$(TARGET_NAME)";
				SWIFT_VERSION = 4.0;
				TARGETED_DEVICE_FAMILY = "1,2";
			};
			name = Debug;
		};
		81C8A583211B7E75008EF11D /* Release */ = {
			isa = XCBuildConfiguration;
			buildSettings = {
				ASSETCATALOG_COMPILER_APPICON_NAME = AppIcon;
				CODE_SIGN_STYLE = Automatic;
				DEVELOPMENT_TEAM = R3QWZNT5YZ;
				INFOPLIST_FILE = HomeDecor/Info.plist;
				LD_RUNPATH_SEARCH_PATHS = (
					"$(inherited)",
					"@executable_path/Frameworks",
				);
				PRODUCT_BUNDLE_IDENTIFIER = com.caroline.HomeDecor;
				PRODUCT_NAME = "$(TARGET_NAME)";
				SWIFT_VERSION = 4.0;
				TARGETED_DEVICE_FAMILY = "1,2";
			};
			name = Release;
		};
/* End XCBuildConfiguration section */

/* Begin XCConfigurationList section */
		81C8A56A211B7E72008EF11D /* Build configuration list for PBXProject "HomeDecor" */ = {
			isa = XCConfigurationList;
			buildConfigurations = (
				81C8A57F211B7E75008EF11D /* Debug */,
				81C8A580211B7E75008EF11D /* Release */,
			);
			defaultConfigurationIsVisible = 0;
			defaultConfigurationName = Release;
		};
		81C8A581211B7E75008EF11D /* Build configuration list for PBXNativeTarget "HomeDecor" */ = {
			isa = XCConfigurationList;
			buildConfigurations = (
				81C8A582211B7E75008EF11D /* Debug */,
				81C8A583211B7E75008EF11D /* Release */,
			);
			defaultConfigurationIsVisible = 0;
			defaultConfigurationName = Release;
		};
/* End XCConfigurationList section */
	};
	rootObject = 81C8A567211B7E72008EF11D /* Project object */;
}
